
Microsoft Visual Studio Solution File, Format Version 12.00
# Visual Studio Version 17
VisualStudioVersion = 17.3.32825.248
MinimumVisualStudioVersion = 10.0.40219.1
Project("{FAE04EC0-301F-11D3-BF4B-00C04F79EFBC}") = "UniversalTimeSignature", "UniversalTimeSignature.csproj", "{72E667BC-CD7C-4962-988D-C705B58FD7BB}"
EndProject
Global
	GlobalSection(SolutionConfigurationPlatforms) = preSolution
		Debug|Any CPU = Debug|Any CPU
		Release|Any CPU = Release|Any CPU
	EndGlobalSection
	GlobalSection(ProjectConfigurationPlatforms) = postSolution
		{72E667BC-CD7C-4962-988D-C705B58FD7BB}.Debug|Any CPU.ActiveCfg = Debug|Any CPU
		{72E667BC-CD7C-4962-988D-C705B58FD7BB}.Debug|Any CPU.Build.0 = Debug|Any CPU
		{72E667BC-CD7C-4962-988D-C705B58FD7BB}.Release|Any CPU.ActiveCfg = Release|Any CPU
		{72E667BC-CD7C-4962-988D-C705B58FD7BB}.Release|Any CPU.Build.0 = Release|Any CPU
	EndGlobalSection
	GlobalSection(SolutionProperties) = preSolution
		HideSolutionNode = FALSE
	EndGlobalSection
	GlobalSection(ExtensibilityGlobals) = postSolution
		SolutionGuid = {B6521B77-57F9-4FAA-BFE2-C66CCF97FF06}
	EndGlobalSection
EndGlobal
